
Microsoft Visual Studio Solution File, Format Version 12.00
# Visual Studio Version 17
VisualStudioVersion = 17.11.35312.102
MinimumVisualStudioVersion = 10.0.40219.1
Project("{FAE04EC0-301F-11D3-BF4B-00C04F79EFBC}") = "ExaminationSystem", "ExaminationSystem.csproj", "{73A5B518-03CC-450E-98B3-F83F193CFD62}"
EndProject
Global
	GlobalSection(SolutionConfigurationPlatforms) = preSolution
		Debug|Any CPU = Debug|Any CPU
		Release|Any CPU = Release|Any CPU
	EndGlobalSection
	GlobalSection(ProjectConfigurationPlatforms) = postSolution
		{73A5B518-03CC-450E-98B3-F83F193CFD62}.Debug|Any CPU.ActiveCfg = Debug|Any CPU
		{73A5B518-03CC-450E-98B3-F83F193CFD62}.Debug|Any CPU.Build.0 = Debug|Any CPU
		{73A5B518-03CC-450E-98B3-F83F193CFD62}.Release|Any CPU.ActiveCfg = Release|Any CPU
		{73A5B518-03CC-450E-98B3-F83F193CFD62}.Release|Any CPU.Build.0 = Release|Any CPU
	EndGlobalSection
	GlobalSection(SolutionProperties) = preSolution
		HideSolutionNode = FALSE
	EndGlobalSection
	GlobalSection(ExtensibilityGlobals) = postSolution
		SolutionGuid = {F1A49A62-5EFD-4788-A4A1-8432BCF0217A}
	EndGlobalSection
EndGlobal
